
Microsoft Visual Studio Solution File, Format Version 10.00
# Visual Studio 2008
Project("{FAE04EC0-301F-11D3-BF4B-00C04F79EFBC}") = "RLAgentsCommon", "RLAgentsCommon\RLAgentsCommon.csproj", "{DA6808F6-1395-4AA3-B59E-26ED211AADD0}"
EndProject
Project("{FAE04EC0-301F-11D3-BF4B-00C04F79EFBC}") = "RLClient", "RLClient\RLClient.csproj", "{E46BD4A1-2C81-483A-AB2E-2B6838B192BE}"
EndProject
Project("{FAE04EC0-301F-11D3-BF4B-00C04F79EFBC}") = "RLClient1P", "RLClient1P\RLClient1P.csproj", "{1D032573-F3A2-4F52-8067-F54B166875F7}"
EndProject
Project("{FAE04EC0-301F-11D3-BF4B-00C04F79EFBC}") = "HMQLLambda", "HMQLLambda\HMQLLambda.csproj", "{684490C4-BAE1-4566-B4D5-D1E559428C2C}"
EndProject
Project("{FAE04EC0-301F-11D3-BF4B-00C04F79EFBC}") = "HetroModuleRL", "HetroModuleRL\HetroModuleRL.csproj", "{A40F29EF-894E-4095-95E0-E6CDE6543846}"
EndProject
Project("{FAE04EC0-301F-11D3-BF4B-00C04F79EFBC}") = "MRLDM", "MRLDM\MRLDM.csproj", "{B090471D-E101-4B22-828E-F88C0D3C3298}"
EndProject
Project("{FAE04EC0-301F-11D3-BF4B-00C04F79EFBC}") = "RLwIM", "RLwIM\RLwIM.csproj", "{4E5FB1AB-1DF3-4FC9-A11F-CFB8A94F4DB4}"
EndProject
Global
	GlobalSection(SolutionConfigurationPlatforms) = preSolution
		Debug|Any CPU = Debug|Any CPU
		Release|Any CPU = Release|Any CPU
	EndGlobalSection
	GlobalSection(ProjectConfigurationPlatforms) = postSolution
		{DA6808F6-1395-4AA3-B59E-26ED211AADD0}.Debug|Any CPU.ActiveCfg = Debug|Any CPU
		{DA6808F6-1395-4AA3-B59E-26ED211AADD0}.Debug|Any CPU.Build.0 = Debug|Any CPU
		{DA6808F6-1395-4AA3-B59E-26ED211AADD0}.Release|Any CPU.ActiveCfg = Release|Any CPU
		{DA6808F6-1395-4AA3-B59E-26ED211AADD0}.Release|Any CPU.Build.0 = Release|Any CPU
		{E46BD4A1-2C81-483A-AB2E-2B6838B192BE}.Debug|Any CPU.ActiveCfg = Debug|Any CPU
		{E46BD4A1-2C81-483A-AB2E-2B6838B192BE}.Debug|Any CPU.Build.0 = Debug|Any CPU
		{E46BD4A1-2C81-483A-AB2E-2B6838B192BE}.Release|Any CPU.ActiveCfg = Release|Any CPU
		{E46BD4A1-2C81-483A-AB2E-2B6838B192BE}.Release|Any CPU.Build.0 = Release|Any CPU
		{1D032573-F3A2-4F52-8067-F54B166875F7}.Debug|Any CPU.ActiveCfg = Debug|Any CPU
		{1D032573-F3A2-4F52-8067-F54B166875F7}.Debug|Any CPU.Build.0 = Debug|Any CPU
		{1D032573-F3A2-4F52-8067-F54B166875F7}.Release|Any CPU.ActiveCfg = Release|Any CPU
		{1D032573-F3A2-4F52-8067-F54B166875F7}.Release|Any CPU.Build.0 = Release|Any CPU
		{684490C4-BAE1-4566-B4D5-D1E559428C2C}.Debug|Any CPU.ActiveCfg = Debug|Any CPU
		{684490C4-BAE1-4566-B4D5-D1E559428C2C}.Debug|Any CPU.Build.0 = Debug|Any CPU
		{684490C4-BAE1-4566-B4D5-D1E559428C2C}.Release|Any CPU.ActiveCfg = Release|Any CPU
		{684490C4-BAE1-4566-B4D5-D1E559428C2C}.Release|Any CPU.Build.0 = Release|Any CPU
		{A40F29EF-894E-4095-95E0-E6CDE6543846}.Debug|Any CPU.ActiveCfg = Debug|Any CPU
		{A40F29EF-894E-4095-95E0-E6CDE6543846}.Debug|Any CPU.Build.0 = Debug|Any CPU
		{A40F29EF-894E-4095-95E0-E6CDE6543846}.Release|Any CPU.ActiveCfg = Release|Any CPU
		{A40F29EF-894E-4095-95E0-E6CDE6543846}.Release|Any CPU.Build.0 = Release|Any CPU
		{B090471D-E101-4B22-828E-F88C0D3C3298}.Debug|Any CPU.ActiveCfg = Debug|Any CPU
		{B090471D-E101-4B22-828E-F88C0D3C3298}.Debug|Any CPU.Build.0 = Debug|Any CPU
		{B090471D-E101-4B22-828E-F88C0D3C3298}.Release|Any CPU.ActiveCfg = Release|Any CPU
		{B090471D-E101-4B22-828E-F88C0D3C3298}.Release|Any CPU.Build.0 = Release|Any CPU
		{4E5FB1AB-1DF3-4FC9-A11F-CFB8A94F4DB4}.Debug|Any CPU.ActiveCfg = Debug|Any CPU
		{4E5FB1AB-1DF3-4FC9-A11F-CFB8A94F4DB4}.Debug|Any CPU.Build.0 = Debug|Any CPU
		{4E5FB1AB-1DF3-4FC9-A11F-CFB8A94F4DB4}.Release|Any CPU.ActiveCfg = Release|Any CPU
		{4E5FB1AB-1DF3-4FC9-A11F-CFB8A94F4DB4}.Release|Any CPU.Build.0 = Release|Any CPU
	EndGlobalSection
	GlobalSection(SolutionProperties) = preSolution
		HideSolutionNode = FALSE
	EndGlobalSection
EndGlobal
