
Microsoft Visual Studio Solution File, Format Version 11.00
# Visual Studio 2010
# SharpDevelop 4.0.0.7070
Project("{2150E333-8FDC-42A3-9474-1A3956D46DE8}") = "GridSoccerSimulator", "GridSoccerSimulator", "{66D73957-DCC4-4919-9324-7583DDCC31AB}"
	ProjectSection(SolutionItems) = postProject
	EndProjectSection
EndProject
Project("{FAE04EC0-301F-11D3-BF4B-00C04F79EFBC}") = "Common", "GridSoccerSimulator\Common\Common.csproj", "{E2F59C55-04EF-43D7-AC6B-72650BBF99D2}"
EndProject
Project("{FAE04EC0-301F-11D3-BF4B-00C04F79EFBC}") = "SoccerSimulator", "GridSoccerSimulator\SoccerSimulator\SoccerSimulator.csproj", "{518416EC-5632-420C-B27A-1B27B4983785}"
EndProject
Project("{2150E333-8FDC-42A3-9474-1A3956D46DE8}") = "RLAgents", "RLAgents", "{BE8FFD75-A4A4-4C90-98FF-7AE6DA02ACAF}"
	ProjectSection(SolutionItems) = postProject
	EndProjectSection
EndProject
Project("{FAE04EC0-301F-11D3-BF4B-00C04F79EFBC}") = "HetroModuleRL", "RLAgents\HetroModuleRL\HetroModuleRL.csproj", "{A40F29EF-894E-4095-95E0-E6CDE6543846}"
EndProject
Project("{FAE04EC0-301F-11D3-BF4B-00C04F79EFBC}") = "HMQLLambda", "RLAgents\HMQLLambda\HMQLLambda.csproj", "{684490C4-BAE1-4566-B4D5-D1E559428C2C}"
EndProject
Project("{FAE04EC0-301F-11D3-BF4B-00C04F79EFBC}") = "MRLDM", "RLAgents\MRLDM\MRLDM.csproj", "{B090471D-E101-4B22-828E-F88C0D3C3298}"
EndProject
Project("{FAE04EC0-301F-11D3-BF4B-00C04F79EFBC}") = "RLAgentsCommon", "RLAgents\RLAgentsCommon\RLAgentsCommon.csproj", "{DA6808F6-1395-4AA3-B59E-26ED211AADD0}"
EndProject
Project("{FAE04EC0-301F-11D3-BF4B-00C04F79EFBC}") = "RLClient", "RLAgents\RLClient\RLClient.csproj", "{E46BD4A1-2C81-483A-AB2E-2B6838B192BE}"
EndProject
Project("{FAE04EC0-301F-11D3-BF4B-00C04F79EFBC}") = "RLClient1P", "RLAgents\RLClient1P\RLClient1P.csproj", "{1D032573-F3A2-4F52-8067-F54B166875F7}"
EndProject
Project("{FAE04EC0-301F-11D3-BF4B-00C04F79EFBC}") = "RLwIM", "RLAgents\RLwIM\RLwIM.csproj", "{4E5FB1AB-1DF3-4FC9-A11F-CFB8A94F4DB4}"
EndProject
Project("{FAE04EC0-301F-11D3-BF4B-00C04F79EFBC}") = "NeuroRLClient", "RLAgents\NeuroRLClient\NeuroRLClient.csproj", "{A4E9CDF1-3ED6-4C41-8776-333AF8AFA9F9}"
EndProject
Project("{2150E333-8FDC-42A3-9474-1A3956D46DE8}") = "BasicAgents", "BasicAgents", "{279B3902-CB9C-461F-92F1-AA138271EF9E}"
	ProjectSection(SolutionItems) = postProject
	EndProjectSection
EndProject
Project("{FAE04EC0-301F-11D3-BF4B-00C04F79EFBC}") = "ClientBase", "BasicAgents\ClientBase\ClientBase.csproj", "{9719298C-7F9B-4611-8AB5-668904D29CE1}"
EndProject
Project("{FAE04EC0-301F-11D3-BF4B-00C04F79EFBC}") = "HandCodedClient", "BasicAgents\HandCodedClient\HandCodedClient.csproj", "{86B17599-BE5A-4CF6-BF3C-2B88CE24211F}"
EndProject
Project("{FAE04EC0-301F-11D3-BF4B-00C04F79EFBC}") = "RandomClient", "BasicAgents\RandomClient\RandomClient.csproj", "{E5FE8AAF-5E8D-4DB9-BD9E-1F10355CC423}"
EndProject
Project("{FAE04EC0-301F-11D3-BF4B-00C04F79EFBC}") = "SampleClient", "BasicAgents\SampleClient\SampleClient.csproj", "{DAAC17BC-3798-479D-9F00-D8DAE12FE1B1}"
EndProject
Project("{FAE04EC0-301F-11D3-BF4B-00C04F79EFBC}") = "TextClient", "BasicAgents\TextClient\TextClient.csproj", "{EC7CCF13-E0FB-4D0C-9019-7AD54919450B}"
EndProject
Project("{FAE04EC0-301F-11D3-BF4B-00C04F79EFBC}") = "DPClient", "BasicAgents\DPClient\DPClient.csproj", "{148293BF-0858-40BA-9DE4-CDED52A406AA}"
EndProject
Project("{2150E333-8FDC-42A3-9474-1A3956D46DE8}") = "Tools", "Tools", "{B438B06C-E3B5-42A1-986F-CDCC63055D2A}"
	ProjectSection(SolutionItems) = postProject
	EndProjectSection
EndProject
Project("{FAE04EC0-301F-11D3-BF4B-00C04F79EFBC}") = "LogPlotter", "Tools\LogPlotter\LogPlotter.csproj", "{136B407E-9F68-4A10-8392-3CAB65319636}"
EndProject
Project("{FAE04EC0-301F-11D3-BF4B-00C04F79EFBC}") = "NeuralNetwork", "Tools\NeuralNetwork\NeuralNetwork.csproj", "{F9499E11-CD16-4F36-A14B-E72AB0FE64C1}"
EndProject
Project("{FAE04EC0-301F-11D3-BF4B-00C04F79EFBC}") = "NeuralNetworkTester", "Tools\NeuralNetworkTester\NeuralNetworkTester.csproj", "{B824C8E0-2E43-4540-B807-964D464F0FEF}"
EndProject
Project("{FAE04EC0-301F-11D3-BF4B-00C04F79EFBC}") = "Plot3D", "Tools\Plot3D\Plot3D.csproj", "{70634D82-9FD4-4EC9-A1A8-92638B07E832}"
EndProject
Project("{FAE04EC0-301F-11D3-BF4B-00C04F79EFBC}") = "Plot3DTester", "Tools\Plot3DTester\Plot3DTester.csproj", "{B44E1283-C8DC-4CA8-B5C1-427652B5F140}"
EndProject
Project("{2150E333-8FDC-42A3-9474-1A3956D46DE8}") = "NEATAgents", "NEATAgents", "{63CE87B3-A124-408D-AA5A-0ED4E4CC8272}"
	ProjectSection(SolutionItems) = postProject
	EndProjectSection
EndProject
Project("{FAE04EC0-301F-11D3-BF4B-00C04F79EFBC}") = "SharpNeatLib", "NEATAgents\HyperSharpNEAT 2.1\SharpNeatLib\SharpNeatLib.csproj", "{3A64602B-C5E0-4CB7-99B0-1FC6ABB4449A}"
EndProject
Project("{FAE04EC0-301F-11D3-BF4B-00C04F79EFBC}") = "HyperNEATControllerAgent", "NEATAgents\HyperNEATControllerAgent\HyperNEATControllerAgent.csproj", "{CF41C2DE-2096-44F8-B4CD-A6FFDE4E8A9A}"
EndProject
Project("{FAE04EC0-301F-11D3-BF4B-00C04F79EFBC}") = "SharpNeatExperiments", "NEATAgents\HyperSharpNEAT 2.1\Experiments\SharpNeatExperiments\SharpNeatExperiments.csproj", "{D9828EED-D730-40BF-9A1C-7C3D947E7689}"
EndProject
Project("{FAE04EC0-301F-11D3-BF4B-00C04F79EFBC}") = "SkirmishVisualization", "NEATAgents\HyperSharpNEAT 2.1\SkrimishVisualization\SkirmishVisualization.csproj", "{CBED7DB2-DD88-4741-99F2-1E71FA968CD7}"
EndProject
Project("{FAE04EC0-301F-11D3-BF4B-00C04F79EFBC}") = "CommandLineEvolution", "NEATAgents\HyperSharpNEAT 2.1\SkirmishCmdLineEvolution\CommandLineEvolution.csproj", "{235CB71D-ED9B-40B6-819C-1FF70F89720F}"
EndProject
Project("{2150E333-8FDC-42A3-9474-1A3956D46DE8}") = "CPPSampleAgent", "CPPSampleAgent", "{F1B143D4-FE2D-413A-9030-81E5418EA1F2}"
	ProjectSection(SolutionItems) = postProject
	EndProjectSection
EndProject
Project("{0E96FCFA-9DAC-4534-AC18-01A90C368873}") = "CPPSampleClient", "CPPSampleAgent\CPPSampleClient\CPPSampleClient.vcxproj", "{3AB02903-F268-41BE-89F6-AA1C65E6F1B0}"
EndProject
Global
	GlobalSection(SolutionConfigurationPlatforms) = preSolution
		Debug|Any CPU = Debug|Any CPU
		Debug|Mixed Platforms = Debug|Mixed Platforms
		Debug|Win32 = Debug|Win32
		Debug|x86 = Debug|x86
		Release|Any CPU = Release|Any CPU
		Release|Mixed Platforms = Release|Mixed Platforms
		Release|Win32 = Release|Win32
		Release|x86 = Release|x86
	EndGlobalSection
	GlobalSection(ProjectConfigurationPlatforms) = postSolution
		{9719298C-7F9B-4611-8AB5-668904D29CE1}.Debug|Any CPU.ActiveCfg = Debug|Any CPU
		{9719298C-7F9B-4611-8AB5-668904D29CE1}.Debug|Any CPU.Build.0 = Debug|Any CPU
		{9719298C-7F9B-4611-8AB5-668904D29CE1}.Debug|Mixed Platforms.ActiveCfg = Debug|Any CPU
		{9719298C-7F9B-4611-8AB5-668904D29CE1}.Debug|Mixed Platforms.Build.0 = Debug|Any CPU
		{9719298C-7F9B-4611-8AB5-668904D29CE1}.Debug|Win32.ActiveCfg = Debug|Any CPU
		{9719298C-7F9B-4611-8AB5-668904D29CE1}.Debug|x86.ActiveCfg = Debug|Any CPU
		{9719298C-7F9B-4611-8AB5-668904D29CE1}.Release|Any CPU.ActiveCfg = Release|Any CPU
		{9719298C-7F9B-4611-8AB5-668904D29CE1}.Release|Any CPU.Build.0 = Release|Any CPU
		{9719298C-7F9B-4611-8AB5-668904D29CE1}.Release|Mixed Platforms.ActiveCfg = Release|Any CPU
		{9719298C-7F9B-4611-8AB5-668904D29CE1}.Release|Mixed Platforms.Build.0 = Release|Any CPU
		{9719298C-7F9B-4611-8AB5-668904D29CE1}.Release|Win32.ActiveCfg = Release|Any CPU
		{9719298C-7F9B-4611-8AB5-668904D29CE1}.Release|x86.ActiveCfg = Release|Any CPU
		{86B17599-BE5A-4CF6-BF3C-2B88CE24211F}.Debug|Any CPU.ActiveCfg = Debug|Any CPU
		{86B17599-BE5A-4CF6-BF3C-2B88CE24211F}.Debug|Any CPU.Build.0 = Debug|Any CPU
		{86B17599-BE5A-4CF6-BF3C-2B88CE24211F}.Debug|Mixed Platforms.ActiveCfg = Debug|Any CPU
		{86B17599-BE5A-4CF6-BF3C-2B88CE24211F}.Debug|Mixed Platforms.Build.0 = Debug|Any CPU
		{86B17599-BE5A-4CF6-BF3C-2B88CE24211F}.Debug|Win32.ActiveCfg = Debug|Any CPU
		{86B17599-BE5A-4CF6-BF3C-2B88CE24211F}.Debug|x86.ActiveCfg = Debug|Any CPU
		{86B17599-BE5A-4CF6-BF3C-2B88CE24211F}.Release|Any CPU.ActiveCfg = Release|Any CPU
		{86B17599-BE5A-4CF6-BF3C-2B88CE24211F}.Release|Any CPU.Build.0 = Release|Any CPU
		{86B17599-BE5A-4CF6-BF3C-2B88CE24211F}.Release|Mixed Platforms.ActiveCfg = Release|Any CPU
		{86B17599-BE5A-4CF6-BF3C-2B88CE24211F}.Release|Mixed Platforms.Build.0 = Release|Any CPU
		{86B17599-BE5A-4CF6-BF3C-2B88CE24211F}.Release|Win32.ActiveCfg = Release|Any CPU
		{86B17599-BE5A-4CF6-BF3C-2B88CE24211F}.Release|x86.ActiveCfg = Release|Any CPU
		{E5FE8AAF-5E8D-4DB9-BD9E-1F10355CC423}.Debug|Any CPU.ActiveCfg = Debug|Any CPU
		{E5FE8AAF-5E8D-4DB9-BD9E-1F10355CC423}.Debug|Any CPU.Build.0 = Debug|Any CPU
		{E5FE8AAF-5E8D-4DB9-BD9E-1F10355CC423}.Debug|Mixed Platforms.ActiveCfg = Debug|Any CPU
		{E5FE8AAF-5E8D-4DB9-BD9E-1F10355CC423}.Debug|Mixed Platforms.Build.0 = Debug|Any CPU
		{E5FE8AAF-5E8D-4DB9-BD9E-1F10355CC423}.Debug|Win32.ActiveCfg = Debug|Any CPU
		{E5FE8AAF-5E8D-4DB9-BD9E-1F10355CC423}.Debug|x86.ActiveCfg = Debug|Any CPU
		{E5FE8AAF-5E8D-4DB9-BD9E-1F10355CC423}.Release|Any CPU.ActiveCfg = Release|Any CPU
		{E5FE8AAF-5E8D-4DB9-BD9E-1F10355CC423}.Release|Any CPU.Build.0 = Release|Any CPU
		{E5FE8AAF-5E8D-4DB9-BD9E-1F10355CC423}.Release|Mixed Platforms.ActiveCfg = Release|Any CPU
		{E5FE8AAF-5E8D-4DB9-BD9E-1F10355CC423}.Release|Mixed Platforms.Build.0 = Release|Any CPU
		{E5FE8AAF-5E8D-4DB9-BD9E-1F10355CC423}.Release|Win32.ActiveCfg = Release|Any CPU
		{E5FE8AAF-5E8D-4DB9-BD9E-1F10355CC423}.Release|x86.ActiveCfg = Release|Any CPU
		{DAAC17BC-3798-479D-9F00-D8DAE12FE1B1}.Debug|Any CPU.ActiveCfg = Debug|Any CPU
		{DAAC17BC-3798-479D-9F00-D8DAE12FE1B1}.Debug|Any CPU.Build.0 = Debug|Any CPU
		{DAAC17BC-3798-479D-9F00-D8DAE12FE1B1}.Debug|Mixed Platforms.ActiveCfg = Debug|Any CPU
		{DAAC17BC-3798-479D-9F00-D8DAE12FE1B1}.Debug|Mixed Platforms.Build.0 = Debug|Any CPU
		{DAAC17BC-3798-479D-9F00-D8DAE12FE1B1}.Debug|Win32.ActiveCfg = Debug|Any CPU
		{DAAC17BC-3798-479D-9F00-D8DAE12FE1B1}.Debug|x86.ActiveCfg = Debug|Any CPU
		{DAAC17BC-3798-479D-9F00-D8DAE12FE1B1}.Release|Any CPU.ActiveCfg = Release|Any CPU
		{DAAC17BC-3798-479D-9F00-D8DAE12FE1B1}.Release|Any CPU.Build.0 = Release|Any CPU
		{DAAC17BC-3798-479D-9F00-D8DAE12FE1B1}.Release|Mixed Platforms.ActiveCfg = Release|Any CPU
		{DAAC17BC-3798-479D-9F00-D8DAE12FE1B1}.Release|Mixed Platforms.Build.0 = Release|Any CPU
		{DAAC17BC-3798-479D-9F00-D8DAE12FE1B1}.Release|Win32.ActiveCfg = Release|Any CPU
		{DAAC17BC-3798-479D-9F00-D8DAE12FE1B1}.Release|x86.ActiveCfg = Release|Any CPU
		{EC7CCF13-E0FB-4D0C-9019-7AD54919450B}.Debug|Any CPU.ActiveCfg = Debug|Any CPU
		{EC7CCF13-E0FB-4D0C-9019-7AD54919450B}.Debug|Any CPU.Build.0 = Debug|Any CPU
		{EC7CCF13-E0FB-4D0C-9019-7AD54919450B}.Debug|Mixed Platforms.ActiveCfg = Debug|Any CPU
		{EC7CCF13-E0FB-4D0C-9019-7AD54919450B}.Debug|Mixed Platforms.Build.0 = Debug|Any CPU
		{EC7CCF13-E0FB-4D0C-9019-7AD54919450B}.Debug|Win32.ActiveCfg = Debug|Any CPU
		{EC7CCF13-E0FB-4D0C-9019-7AD54919450B}.Debug|x86.ActiveCfg = Debug|Any CPU
		{EC7CCF13-E0FB-4D0C-9019-7AD54919450B}.Release|Any CPU.ActiveCfg = Release|Any CPU
		{EC7CCF13-E0FB-4D0C-9019-7AD54919450B}.Release|Any CPU.Build.0 = Release|Any CPU
		{EC7CCF13-E0FB-4D0C-9019-7AD54919450B}.Release|Mixed Platforms.ActiveCfg = Release|Any CPU
		{EC7CCF13-E0FB-4D0C-9019-7AD54919450B}.Release|Mixed Platforms.Build.0 = Release|Any CPU
		{EC7CCF13-E0FB-4D0C-9019-7AD54919450B}.Release|Win32.ActiveCfg = Release|Any CPU
		{EC7CCF13-E0FB-4D0C-9019-7AD54919450B}.Release|x86.ActiveCfg = Release|Any CPU
		{E2F59C55-04EF-43D7-AC6B-72650BBF99D2}.Debug|Any CPU.ActiveCfg = Debug|Any CPU
		{E2F59C55-04EF-43D7-AC6B-72650BBF99D2}.Debug|Any CPU.Build.0 = Debug|Any CPU
		{E2F59C55-04EF-43D7-AC6B-72650BBF99D2}.Debug|Mixed Platforms.ActiveCfg = Debug|Any CPU
		{E2F59C55-04EF-43D7-AC6B-72650BBF99D2}.Debug|Mixed Platforms.Build.0 = Debug|Any CPU
		{E2F59C55-04EF-43D7-AC6B-72650BBF99D2}.Debug|Win32.ActiveCfg = Debug|Any CPU
		{E2F59C55-04EF-43D7-AC6B-72650BBF99D2}.Debug|x86.ActiveCfg = Debug|Any CPU
		{E2F59C55-04EF-43D7-AC6B-72650BBF99D2}.Release|Any CPU.ActiveCfg = Release|Any CPU
		{E2F59C55-04EF-43D7-AC6B-72650BBF99D2}.Release|Any CPU.Build.0 = Release|Any CPU
		{E2F59C55-04EF-43D7-AC6B-72650BBF99D2}.Release|Mixed Platforms.ActiveCfg = Release|Any CPU
		{E2F59C55-04EF-43D7-AC6B-72650BBF99D2}.Release|Mixed Platforms.Build.0 = Release|Any CPU
		{E2F59C55-04EF-43D7-AC6B-72650BBF99D2}.Release|Win32.ActiveCfg = Release|Any CPU
		{E2F59C55-04EF-43D7-AC6B-72650BBF99D2}.Release|x86.ActiveCfg = Release|Any CPU
		{518416EC-5632-420C-B27A-1B27B4983785}.Debug|Any CPU.ActiveCfg = Debug|Any CPU
		{518416EC-5632-420C-B27A-1B27B4983785}.Debug|Any CPU.Build.0 = Debug|Any CPU
		{518416EC-5632-420C-B27A-1B27B4983785}.Debug|Mixed Platforms.ActiveCfg = Debug|Any CPU
		{518416EC-5632-420C-B27A-1B27B4983785}.Debug|Mixed Platforms.Build.0 = Debug|Any CPU
		{518416EC-5632-420C-B27A-1B27B4983785}.Debug|Win32.ActiveCfg = Debug|Any CPU
		{518416EC-5632-420C-B27A-1B27B4983785}.Debug|x86.ActiveCfg = Debug|Any CPU
		{518416EC-5632-420C-B27A-1B27B4983785}.Release|Any CPU.ActiveCfg = Release|Any CPU
		{518416EC-5632-420C-B27A-1B27B4983785}.Release|Any CPU.Build.0 = Release|Any CPU
		{518416EC-5632-420C-B27A-1B27B4983785}.Release|Mixed Platforms.ActiveCfg = Release|Any CPU
		{518416EC-5632-420C-B27A-1B27B4983785}.Release|Mixed Platforms.Build.0 = Release|Any CPU
		{518416EC-5632-420C-B27A-1B27B4983785}.Release|Win32.ActiveCfg = Release|Any CPU
		{518416EC-5632-420C-B27A-1B27B4983785}.Release|x86.ActiveCfg = Release|Any CPU
		{A40F29EF-894E-4095-95E0-E6CDE6543846}.Debug|Any CPU.ActiveCfg = Debug|Any CPU
		{A40F29EF-894E-4095-95E0-E6CDE6543846}.Debug|Any CPU.Build.0 = Debug|Any CPU
		{A40F29EF-894E-4095-95E0-E6CDE6543846}.Debug|Mixed Platforms.ActiveCfg = Debug|Any CPU
		{A40F29EF-894E-4095-95E0-E6CDE6543846}.Debug|Mixed Platforms.Build.0 = Debug|Any CPU
		{A40F29EF-894E-4095-95E0-E6CDE6543846}.Debug|Win32.ActiveCfg = Debug|Any CPU
		{A40F29EF-894E-4095-95E0-E6CDE6543846}.Debug|x86.ActiveCfg = Debug|Any CPU
		{A40F29EF-894E-4095-95E0-E6CDE6543846}.Release|Any CPU.ActiveCfg = Release|Any CPU
		{A40F29EF-894E-4095-95E0-E6CDE6543846}.Release|Any CPU.Build.0 = Release|Any CPU
		{A40F29EF-894E-4095-95E0-E6CDE6543846}.Release|Mixed Platforms.ActiveCfg = Release|Any CPU
		{A40F29EF-894E-4095-95E0-E6CDE6543846}.Release|Mixed Platforms.Build.0 = Release|Any CPU
		{A40F29EF-894E-4095-95E0-E6CDE6543846}.Release|Win32.ActiveCfg = Release|Any CPU
		{A40F29EF-894E-4095-95E0-E6CDE6543846}.Release|x86.ActiveCfg = Release|Any CPU
		{684490C4-BAE1-4566-B4D5-D1E559428C2C}.Debug|Any CPU.ActiveCfg = Debug|Any CPU
		{684490C4-BAE1-4566-B4D5-D1E559428C2C}.Debug|Any CPU.Build.0 = Debug|Any CPU
		{684490C4-BAE1-4566-B4D5-D1E559428C2C}.Debug|Mixed Platforms.ActiveCfg = Debug|Any CPU
		{684490C4-BAE1-4566-B4D5-D1E559428C2C}.Debug|Mixed Platforms.Build.0 = Debug|Any CPU
		{684490C4-BAE1-4566-B4D5-D1E559428C2C}.Debug|Win32.ActiveCfg = Debug|Any CPU
		{684490C4-BAE1-4566-B4D5-D1E559428C2C}.Debug|x86.ActiveCfg = Debug|Any CPU
		{684490C4-BAE1-4566-B4D5-D1E559428C2C}.Release|Any CPU.ActiveCfg = Release|Any CPU
		{684490C4-BAE1-4566-B4D5-D1E559428C2C}.Release|Any CPU.Build.0 = Release|Any CPU
		{684490C4-BAE1-4566-B4D5-D1E559428C2C}.Release|Mixed Platforms.ActiveCfg = Release|Any CPU
		{684490C4-BAE1-4566-B4D5-D1E559428C2C}.Release|Mixed Platforms.Build.0 = Release|Any CPU
		{684490C4-BAE1-4566-B4D5-D1E559428C2C}.Release|Win32.ActiveCfg = Release|Any CPU
		{684490C4-BAE1-4566-B4D5-D1E559428C2C}.Release|x86.ActiveCfg = Release|Any CPU
		{B090471D-E101-4B22-828E-F88C0D3C3298}.Debug|Any CPU.ActiveCfg = Debug|Any CPU
		{B090471D-E101-4B22-828E-F88C0D3C3298}.Debug|Any CPU.Build.0 = Debug|Any CPU
		{B090471D-E101-4B22-828E-F88C0D3C3298}.Debug|Mixed Platforms.ActiveCfg = Debug|Any CPU
		{B090471D-E101-4B22-828E-F88C0D3C3298}.Debug|Mixed Platforms.Build.0 = Debug|Any CPU
		{B090471D-E101-4B22-828E-F88C0D3C3298}.Debug|Win32.ActiveCfg = Debug|Any CPU
		{B090471D-E101-4B22-828E-F88C0D3C3298}.Debug|x86.ActiveCfg = Debug|Any CPU
		{B090471D-E101-4B22-828E-F88C0D3C3298}.Release|Any CPU.ActiveCfg = Release|Any CPU
		{B090471D-E101-4B22-828E-F88C0D3C3298}.Release|Any CPU.Build.0 = Release|Any CPU
		{B090471D-E101-4B22-828E-F88C0D3C3298}.Release|Mixed Platforms.ActiveCfg = Release|Any CPU
		{B090471D-E101-4B22-828E-F88C0D3C3298}.Release|Mixed Platforms.Build.0 = Release|Any CPU
		{B090471D-E101-4B22-828E-F88C0D3C3298}.Release|Win32.ActiveCfg = Release|Any CPU
		{B090471D-E101-4B22-828E-F88C0D3C3298}.Release|x86.ActiveCfg = Release|Any CPU
		{DA6808F6-1395-4AA3-B59E-26ED211AADD0}.Debug|Any CPU.ActiveCfg = Debug|Any CPU
		{DA6808F6-1395-4AA3-B59E-26ED211AADD0}.Debug|Any CPU.Build.0 = Debug|Any CPU
		{DA6808F6-1395-4AA3-B59E-26ED211AADD0}.Debug|Mixed Platforms.ActiveCfg = Debug|Any CPU
		{DA6808F6-1395-4AA3-B59E-26ED211AADD0}.Debug|Mixed Platforms.Build.0 = Debug|Any CPU
		{DA6808F6-1395-4AA3-B59E-26ED211AADD0}.Debug|Win32.ActiveCfg = Debug|Any CPU
		{DA6808F6-1395-4AA3-B59E-26ED211AADD0}.Debug|x86.ActiveCfg = Debug|Any CPU
		{DA6808F6-1395-4AA3-B59E-26ED211AADD0}.Release|Any CPU.ActiveCfg = Release|Any CPU
		{DA6808F6-1395-4AA3-B59E-26ED211AADD0}.Release|Any CPU.Build.0 = Release|Any CPU
		{DA6808F6-1395-4AA3-B59E-26ED211AADD0}.Release|Mixed Platforms.ActiveCfg = Release|Any CPU
		{DA6808F6-1395-4AA3-B59E-26ED211AADD0}.Release|Mixed Platforms.Build.0 = Release|Any CPU
		{DA6808F6-1395-4AA3-B59E-26ED211AADD0}.Release|Win32.ActiveCfg = Release|Any CPU
		{DA6808F6-1395-4AA3-B59E-26ED211AADD0}.Release|x86.ActiveCfg = Release|Any CPU
		{E46BD4A1-2C81-483A-AB2E-2B6838B192BE}.Debug|Any CPU.ActiveCfg = Debug|Any CPU
		{E46BD4A1-2C81-483A-AB2E-2B6838B192BE}.Debug|Any CPU.Build.0 = Debug|Any CPU
		{E46BD4A1-2C81-483A-AB2E-2B6838B192BE}.Debug|Mixed Platforms.ActiveCfg = Debug|Any CPU
		{E46BD4A1-2C81-483A-AB2E-2B6838B192BE}.Debug|Mixed Platforms.Build.0 = Debug|Any CPU
		{E46BD4A1-2C81-483A-AB2E-2B6838B192BE}.Debug|Win32.ActiveCfg = Debug|Any CPU
		{E46BD4A1-2C81-483A-AB2E-2B6838B192BE}.Debug|x86.ActiveCfg = Debug|Any CPU
		{E46BD4A1-2C81-483A-AB2E-2B6838B192BE}.Release|Any CPU.ActiveCfg = Release|Any CPU
		{E46BD4A1-2C81-483A-AB2E-2B6838B192BE}.Release|Any CPU.Build.0 = Release|Any CPU
		{E46BD4A1-2C81-483A-AB2E-2B6838B192BE}.Release|Mixed Platforms.ActiveCfg = Release|Any CPU
		{E46BD4A1-2C81-483A-AB2E-2B6838B192BE}.Release|Mixed Platforms.Build.0 = Release|Any CPU
		{E46BD4A1-2C81-483A-AB2E-2B6838B192BE}.Release|Win32.ActiveCfg = Release|Any CPU
		{E46BD4A1-2C81-483A-AB2E-2B6838B192BE}.Release|x86.ActiveCfg = Release|Any CPU
		{1D032573-F3A2-4F52-8067-F54B166875F7}.Debug|Any CPU.ActiveCfg = Debug|Any CPU
		{1D032573-F3A2-4F52-8067-F54B166875F7}.Debug|Any CPU.Build.0 = Debug|Any CPU
		{1D032573-F3A2-4F52-8067-F54B166875F7}.Debug|Mixed Platforms.ActiveCfg = Debug|Any CPU
		{1D032573-F3A2-4F52-8067-F54B166875F7}.Debug|Mixed Platforms.Build.0 = Debug|Any CPU
		{1D032573-F3A2-4F52-8067-F54B166875F7}.Debug|Win32.ActiveCfg = Debug|Any CPU
		{1D032573-F3A2-4F52-8067-F54B166875F7}.Debug|x86.ActiveCfg = Debug|Any CPU
		{1D032573-F3A2-4F52-8067-F54B166875F7}.Release|Any CPU.ActiveCfg = Release|Any CPU
		{1D032573-F3A2-4F52-8067-F54B166875F7}.Release|Any CPU.Build.0 = Release|Any CPU
		{1D032573-F3A2-4F52-8067-F54B166875F7}.Release|Mixed Platforms.ActiveCfg = Release|Any CPU
		{1D032573-F3A2-4F52-8067-F54B166875F7}.Release|Mixed Platforms.Build.0 = Release|Any CPU
		{1D032573-F3A2-4F52-8067-F54B166875F7}.Release|Win32.ActiveCfg = Release|Any CPU
		{1D032573-F3A2-4F52-8067-F54B166875F7}.Release|x86.ActiveCfg = Release|Any CPU
		{4E5FB1AB-1DF3-4FC9-A11F-CFB8A94F4DB4}.Debug|Any CPU.ActiveCfg = Debug|Any CPU
		{4E5FB1AB-1DF3-4FC9-A11F-CFB8A94F4DB4}.Debug|Any CPU.Build.0 = Debug|Any CPU
		{4E5FB1AB-1DF3-4FC9-A11F-CFB8A94F4DB4}.Debug|Mixed Platforms.ActiveCfg = Debug|Any CPU
		{4E5FB1AB-1DF3-4FC9-A11F-CFB8A94F4DB4}.Debug|Mixed Platforms.Build.0 = Debug|Any CPU
		{4E5FB1AB-1DF3-4FC9-A11F-CFB8A94F4DB4}.Debug|Win32.ActiveCfg = Debug|Any CPU
		{4E5FB1AB-1DF3-4FC9-A11F-CFB8A94F4DB4}.Debug|x86.ActiveCfg = Debug|Any CPU
		{4E5FB1AB-1DF3-4FC9-A11F-CFB8A94F4DB4}.Release|Any CPU.ActiveCfg = Release|Any CPU
		{4E5FB1AB-1DF3-4FC9-A11F-CFB8A94F4DB4}.Release|Any CPU.Build.0 = Release|Any CPU
		{4E5FB1AB-1DF3-4FC9-A11F-CFB8A94F4DB4}.Release|Mixed Platforms.ActiveCfg = Release|Any CPU
		{4E5FB1AB-1DF3-4FC9-A11F-CFB8A94F4DB4}.Release|Mixed Platforms.Build.0 = Release|Any CPU
		{4E5FB1AB-1DF3-4FC9-A11F-CFB8A94F4DB4}.Release|Win32.ActiveCfg = Release|Any CPU
		{4E5FB1AB-1DF3-4FC9-A11F-CFB8A94F4DB4}.Release|x86.ActiveCfg = Release|Any CPU
		{148293BF-0858-40BA-9DE4-CDED52A406AA}.Debug|Any CPU.ActiveCfg = Debug|Any CPU
		{148293BF-0858-40BA-9DE4-CDED52A406AA}.Debug|Any CPU.Build.0 = Debug|Any CPU
		{148293BF-0858-40BA-9DE4-CDED52A406AA}.Debug|Mixed Platforms.ActiveCfg = Debug|Any CPU
		{148293BF-0858-40BA-9DE4-CDED52A406AA}.Debug|Mixed Platforms.Build.0 = Debug|Any CPU
		{148293BF-0858-40BA-9DE4-CDED52A406AA}.Debug|Win32.ActiveCfg = Debug|Any CPU
		{148293BF-0858-40BA-9DE4-CDED52A406AA}.Debug|x86.ActiveCfg = Debug|Any CPU
		{148293BF-0858-40BA-9DE4-CDED52A406AA}.Release|Any CPU.ActiveCfg = Release|Any CPU
		{148293BF-0858-40BA-9DE4-CDED52A406AA}.Release|Any CPU.Build.0 = Release|Any CPU
		{148293BF-0858-40BA-9DE4-CDED52A406AA}.Release|Mixed Platforms.ActiveCfg = Release|Any CPU
		{148293BF-0858-40BA-9DE4-CDED52A406AA}.Release|Mixed Platforms.Build.0 = Release|Any CPU
		{148293BF-0858-40BA-9DE4-CDED52A406AA}.Release|Win32.ActiveCfg = Release|Any CPU
		{148293BF-0858-40BA-9DE4-CDED52A406AA}.Release|x86.ActiveCfg = Release|Any CPU
		{A4E9CDF1-3ED6-4C41-8776-333AF8AFA9F9}.Debug|Any CPU.ActiveCfg = Debug|Any CPU
		{A4E9CDF1-3ED6-4C41-8776-333AF8AFA9F9}.Debug|Any CPU.Build.0 = Debug|Any CPU
		{A4E9CDF1-3ED6-4C41-8776-333AF8AFA9F9}.Debug|Mixed Platforms.ActiveCfg = Debug|Any CPU
		{A4E9CDF1-3ED6-4C41-8776-333AF8AFA9F9}.Debug|Mixed Platforms.Build.0 = Debug|Any CPU
		{A4E9CDF1-3ED6-4C41-8776-333AF8AFA9F9}.Debug|Win32.ActiveCfg = Debug|Any CPU
		{A4E9CDF1-3ED6-4C41-8776-333AF8AFA9F9}.Debug|x86.ActiveCfg = Debug|Any CPU
		{A4E9CDF1-3ED6-4C41-8776-333AF8AFA9F9}.Release|Any CPU.ActiveCfg = Release|Any CPU
		{A4E9CDF1-3ED6-4C41-8776-333AF8AFA9F9}.Release|Any CPU.Build.0 = Release|Any CPU
		{A4E9CDF1-3ED6-4C41-8776-333AF8AFA9F9}.Release|Mixed Platforms.ActiveCfg = Release|Any CPU
		{A4E9CDF1-3ED6-4C41-8776-333AF8AFA9F9}.Release|Mixed Platforms.Build.0 = Release|Any CPU
		{A4E9CDF1-3ED6-4C41-8776-333AF8AFA9F9}.Release|Win32.ActiveCfg = Release|Any CPU
		{A4E9CDF1-3ED6-4C41-8776-333AF8AFA9F9}.Release|x86.ActiveCfg = Release|Any CPU
		{136B407E-9F68-4A10-8392-3CAB65319636}.Debug|Any CPU.ActiveCfg = Debug|Any CPU
		{136B407E-9F68-4A10-8392-3CAB65319636}.Debug|Any CPU.Build.0 = Debug|Any CPU
		{136B407E-9F68-4A10-8392-3CAB65319636}.Debug|Mixed Platforms.ActiveCfg = Debug|Any CPU
		{136B407E-9F68-4A10-8392-3CAB65319636}.Debug|Mixed Platforms.Build.0 = Debug|Any CPU
		{136B407E-9F68-4A10-8392-3CAB65319636}.Debug|Win32.ActiveCfg = Debug|Any CPU
		{136B407E-9F68-4A10-8392-3CAB65319636}.Debug|x86.ActiveCfg = Debug|Any CPU
		{136B407E-9F68-4A10-8392-3CAB65319636}.Release|Any CPU.ActiveCfg = Release|Any CPU
		{136B407E-9F68-4A10-8392-3CAB65319636}.Release|Any CPU.Build.0 = Release|Any CPU
		{136B407E-9F68-4A10-8392-3CAB65319636}.Release|Mixed Platforms.ActiveCfg = Release|Any CPU
		{136B407E-9F68-4A10-8392-3CAB65319636}.Release|Mixed Platforms.Build.0 = Release|Any CPU
		{136B407E-9F68-4A10-8392-3CAB65319636}.Release|Win32.ActiveCfg = Release|Any CPU
		{136B407E-9F68-4A10-8392-3CAB65319636}.Release|x86.ActiveCfg = Release|Any CPU
		{F9499E11-CD16-4F36-A14B-E72AB0FE64C1}.Debug|Any CPU.ActiveCfg = Debug|Any CPU
		{F9499E11-CD16-4F36-A14B-E72AB0FE64C1}.Debug|Any CPU.Build.0 = Debug|Any CPU
		{F9499E11-CD16-4F36-A14B-E72AB0FE64C1}.Debug|Mixed Platforms.ActiveCfg = Debug|Any CPU
		{F9499E11-CD16-4F36-A14B-E72AB0FE64C1}.Debug|Mixed Platforms.Build.0 = Debug|Any CPU
		{F9499E11-CD16-4F36-A14B-E72AB0FE64C1}.Debug|Win32.ActiveCfg = Debug|Any CPU
		{F9499E11-CD16-4F36-A14B-E72AB0FE64C1}.Debug|x86.ActiveCfg = Debug|Any CPU
		{F9499E11-CD16-4F36-A14B-E72AB0FE64C1}.Release|Any CPU.ActiveCfg = Release|Any CPU
		{F9499E11-CD16-4F36-A14B-E72AB0FE64C1}.Release|Any CPU.Build.0 = Release|Any CPU
		{F9499E11-CD16-4F36-A14B-E72AB0FE64C1}.Release|Mixed Platforms.ActiveCfg = Release|Any CPU
		{F9499E11-CD16-4F36-A14B-E72AB0FE64C1}.Release|Mixed Platforms.Build.0 = Release|Any CPU
		{F9499E11-CD16-4F36-A14B-E72AB0FE64C1}.Release|Win32.ActiveCfg = Release|Any CPU
		{F9499E11-CD16-4F36-A14B-E72AB0FE64C1}.Release|x86.ActiveCfg = Release|Any CPU
		{B824C8E0-2E43-4540-B807-964D464F0FEF}.Debug|Any CPU.ActiveCfg = Debug|Any CPU
		{B824C8E0-2E43-4540-B807-964D464F0FEF}.Debug|Any CPU.Build.0 = Debug|Any CPU
		{B824C8E0-2E43-4540-B807-964D464F0FEF}.Debug|Mixed Platforms.ActiveCfg = Debug|Any CPU
		{B824C8E0-2E43-4540-B807-964D464F0FEF}.Debug|Mixed Platforms.Build.0 = Debug|Any CPU
		{B824C8E0-2E43-4540-B807-964D464F0FEF}.Debug|Win32.ActiveCfg = Debug|Any CPU
		{B824C8E0-2E43-4540-B807-964D464F0FEF}.Debug|x86.ActiveCfg = Debug|Any CPU
		{B824C8E0-2E43-4540-B807-964D464F0FEF}.Release|Any CPU.ActiveCfg = Release|Any CPU
		{B824C8E0-2E43-4540-B807-964D464F0FEF}.Release|Any CPU.Build.0 = Release|Any CPU
		{B824C8E0-2E43-4540-B807-964D464F0FEF}.Release|Mixed Platforms.ActiveCfg = Release|Any CPU
		{B824C8E0-2E43-4540-B807-964D464F0FEF}.Release|Mixed Platforms.Build.0 = Release|Any CPU
		{B824C8E0-2E43-4540-B807-964D464F0FEF}.Release|Win32.ActiveCfg = Release|Any CPU
		{B824C8E0-2E43-4540-B807-964D464F0FEF}.Release|x86.ActiveCfg = Release|Any CPU
		{70634D82-9FD4-4EC9-A1A8-92638B07E832}.Debug|Any CPU.ActiveCfg = Debug|Any CPU
		{70634D82-9FD4-4EC9-A1A8-92638B07E832}.Debug|Any CPU.Build.0 = Debug|Any CPU
		{70634D82-9FD4-4EC9-A1A8-92638B07E832}.Debug|Mixed Platforms.ActiveCfg = Debug|Any CPU
		{70634D82-9FD4-4EC9-A1A8-92638B07E832}.Debug|Mixed Platforms.Build.0 = Debug|Any CPU
		{70634D82-9FD4-4EC9-A1A8-92638B07E832}.Debug|Win32.ActiveCfg = Debug|Any CPU
		{70634D82-9FD4-4EC9-A1A8-92638B07E832}.Debug|x86.ActiveCfg = Debug|Any CPU
		{70634D82-9FD4-4EC9-A1A8-92638B07E832}.Release|Any CPU.ActiveCfg = Release|Any CPU
		{70634D82-9FD4-4EC9-A1A8-92638B07E832}.Release|Any CPU.Build.0 = Release|Any CPU
		{70634D82-9FD4-4EC9-A1A8-92638B07E832}.Release|Mixed Platforms.ActiveCfg = Release|Any CPU
		{70634D82-9FD4-4EC9-A1A8-92638B07E832}.Release|Mixed Platforms.Build.0 = Release|Any CPU
		{70634D82-9FD4-4EC9-A1A8-92638B07E832}.Release|Win32.ActiveCfg = Release|Any CPU
		{70634D82-9FD4-4EC9-A1A8-92638B07E832}.Release|x86.ActiveCfg = Release|Any CPU
		{B44E1283-C8DC-4CA8-B5C1-427652B5F140}.Debug|Any CPU.ActiveCfg = Debug|x86
		{B44E1283-C8DC-4CA8-B5C1-427652B5F140}.Debug|Mixed Platforms.ActiveCfg = Debug|x86
		{B44E1283-C8DC-4CA8-B5C1-427652B5F140}.Debug|Mixed Platforms.Build.0 = Debug|x86
		{B44E1283-C8DC-4CA8-B5C1-427652B5F140}.Debug|Win32.ActiveCfg = Debug|x86
		{B44E1283-C8DC-4CA8-B5C1-427652B5F140}.Debug|x86.ActiveCfg = Debug|x86
		{B44E1283-C8DC-4CA8-B5C1-427652B5F140}.Debug|x86.Build.0 = Debug|x86
		{B44E1283-C8DC-4CA8-B5C1-427652B5F140}.Release|Any CPU.ActiveCfg = Release|x86
		{B44E1283-C8DC-4CA8-B5C1-427652B5F140}.Release|Mixed Platforms.ActiveCfg = Release|x86
		{B44E1283-C8DC-4CA8-B5C1-427652B5F140}.Release|Mixed Platforms.Build.0 = Release|x86
		{B44E1283-C8DC-4CA8-B5C1-427652B5F140}.Release|Win32.ActiveCfg = Release|x86
		{B44E1283-C8DC-4CA8-B5C1-427652B5F140}.Release|x86.ActiveCfg = Release|x86
		{B44E1283-C8DC-4CA8-B5C1-427652B5F140}.Release|x86.Build.0 = Release|x86
		{3A64602B-C5E0-4CB7-99B0-1FC6ABB4449A}.Debug|Any CPU.ActiveCfg = Debug|Any CPU
		{3A64602B-C5E0-4CB7-99B0-1FC6ABB4449A}.Debug|Any CPU.Build.0 = Debug|Any CPU
		{3A64602B-C5E0-4CB7-99B0-1FC6ABB4449A}.Debug|Mixed Platforms.ActiveCfg = Debug|Any CPU
		{3A64602B-C5E0-4CB7-99B0-1FC6ABB4449A}.Debug|Mixed Platforms.Build.0 = Debug|Any CPU
		{3A64602B-C5E0-4CB7-99B0-1FC6ABB4449A}.Debug|Win32.ActiveCfg = Debug|Any CPU
		{3A64602B-C5E0-4CB7-99B0-1FC6ABB4449A}.Debug|x86.ActiveCfg = Debug|Any CPU
		{3A64602B-C5E0-4CB7-99B0-1FC6ABB4449A}.Release|Any CPU.ActiveCfg = Release|Any CPU
		{3A64602B-C5E0-4CB7-99B0-1FC6ABB4449A}.Release|Any CPU.Build.0 = Release|Any CPU
		{3A64602B-C5E0-4CB7-99B0-1FC6ABB4449A}.Release|Mixed Platforms.ActiveCfg = Release|Any CPU
		{3A64602B-C5E0-4CB7-99B0-1FC6ABB4449A}.Release|Mixed Platforms.Build.0 = Release|Any CPU
		{3A64602B-C5E0-4CB7-99B0-1FC6ABB4449A}.Release|Win32.ActiveCfg = Release|Any CPU
		{3A64602B-C5E0-4CB7-99B0-1FC6ABB4449A}.Release|x86.ActiveCfg = Release|Any CPU
		{CF41C2DE-2096-44F8-B4CD-A6FFDE4E8A9A}.Debug|Any CPU.ActiveCfg = Debug|Any CPU
		{CF41C2DE-2096-44F8-B4CD-A6FFDE4E8A9A}.Debug|Any CPU.Build.0 = Debug|Any CPU
		{CF41C2DE-2096-44F8-B4CD-A6FFDE4E8A9A}.Debug|Mixed Platforms.ActiveCfg = Debug|Any CPU
		{CF41C2DE-2096-44F8-B4CD-A6FFDE4E8A9A}.Debug|Mixed Platforms.Build.0 = Debug|Any CPU
		{CF41C2DE-2096-44F8-B4CD-A6FFDE4E8A9A}.Debug|Win32.ActiveCfg = Debug|Any CPU
		{CF41C2DE-2096-44F8-B4CD-A6FFDE4E8A9A}.Debug|x86.ActiveCfg = Debug|Any CPU
		{CF41C2DE-2096-44F8-B4CD-A6FFDE4E8A9A}.Release|Any CPU.ActiveCfg = Release|Any CPU
		{CF41C2DE-2096-44F8-B4CD-A6FFDE4E8A9A}.Release|Any CPU.Build.0 = Release|Any CPU
		{CF41C2DE-2096-44F8-B4CD-A6FFDE4E8A9A}.Release|Mixed Platforms.ActiveCfg = Release|Any CPU
		{CF41C2DE-2096-44F8-B4CD-A6FFDE4E8A9A}.Release|Mixed Platforms.Build.0 = Release|Any CPU
		{CF41C2DE-2096-44F8-B4CD-A6FFDE4E8A9A}.Release|Win32.ActiveCfg = Release|Any CPU
		{CF41C2DE-2096-44F8-B4CD-A6FFDE4E8A9A}.Release|x86.ActiveCfg = Release|Any CPU
		{D9828EED-D730-40BF-9A1C-7C3D947E7689}.Debug|Any CPU.ActiveCfg = Debug|Any CPU
		{D9828EED-D730-40BF-9A1C-7C3D947E7689}.Debug|Any CPU.Build.0 = Debug|Any CPU
		{D9828EED-D730-40BF-9A1C-7C3D947E7689}.Debug|Mixed Platforms.ActiveCfg = Debug|Any CPU
		{D9828EED-D730-40BF-9A1C-7C3D947E7689}.Debug|Mixed Platforms.Build.0 = Debug|Any CPU
		{D9828EED-D730-40BF-9A1C-7C3D947E7689}.Debug|Win32.ActiveCfg = Debug|Any CPU
		{D9828EED-D730-40BF-9A1C-7C3D947E7689}.Debug|x86.ActiveCfg = Debug|Any CPU
		{D9828EED-D730-40BF-9A1C-7C3D947E7689}.Release|Any CPU.ActiveCfg = Release|Any CPU
		{D9828EED-D730-40BF-9A1C-7C3D947E7689}.Release|Any CPU.Build.0 = Release|Any CPU
		{D9828EED-D730-40BF-9A1C-7C3D947E7689}.Release|Mixed Platforms.ActiveCfg = Release|Any CPU
		{D9828EED-D730-40BF-9A1C-7C3D947E7689}.Release|Mixed Platforms.Build.0 = Release|Any CPU
		{D9828EED-D730-40BF-9A1C-7C3D947E7689}.Release|Win32.ActiveCfg = Release|Any CPU
		{D9828EED-D730-40BF-9A1C-7C3D947E7689}.Release|x86.ActiveCfg = Release|Any CPU
		{CBED7DB2-DD88-4741-99F2-1E71FA968CD7}.Debug|Any CPU.ActiveCfg = Debug|Any CPU
		{CBED7DB2-DD88-4741-99F2-1E71FA968CD7}.Debug|Any CPU.Build.0 = Debug|Any CPU
		{CBED7DB2-DD88-4741-99F2-1E71FA968CD7}.Debug|Mixed Platforms.ActiveCfg = Debug|Any CPU
		{CBED7DB2-DD88-4741-99F2-1E71FA968CD7}.Debug|Mixed Platforms.Build.0 = Debug|Any CPU
		{CBED7DB2-DD88-4741-99F2-1E71FA968CD7}.Debug|Win32.ActiveCfg = Debug|Any CPU
		{CBED7DB2-DD88-4741-99F2-1E71FA968CD7}.Debug|x86.ActiveCfg = Debug|Any CPU
		{CBED7DB2-DD88-4741-99F2-1E71FA968CD7}.Release|Any CPU.ActiveCfg = Release|Any CPU
		{CBED7DB2-DD88-4741-99F2-1E71FA968CD7}.Release|Any CPU.Build.0 = Release|Any CPU
		{CBED7DB2-DD88-4741-99F2-1E71FA968CD7}.Release|Mixed Platforms.ActiveCfg = Release|Any CPU
		{CBED7DB2-DD88-4741-99F2-1E71FA968CD7}.Release|Mixed Platforms.Build.0 = Release|Any CPU
		{CBED7DB2-DD88-4741-99F2-1E71FA968CD7}.Release|Win32.ActiveCfg = Release|Any CPU
		{CBED7DB2-DD88-4741-99F2-1E71FA968CD7}.Release|x86.ActiveCfg = Release|Any CPU
		{235CB71D-ED9B-40B6-819C-1FF70F89720F}.Debug|Any CPU.ActiveCfg = Debug|Any CPU
		{235CB71D-ED9B-40B6-819C-1FF70F89720F}.Debug|Any CPU.Build.0 = Debug|Any CPU
		{235CB71D-ED9B-40B6-819C-1FF70F89720F}.Debug|Mixed Platforms.ActiveCfg = Debug|Any CPU
		{235CB71D-ED9B-40B6-819C-1FF70F89720F}.Debug|Mixed Platforms.Build.0 = Debug|Any CPU
		{235CB71D-ED9B-40B6-819C-1FF70F89720F}.Debug|Win32.ActiveCfg = Debug|Any CPU
		{235CB71D-ED9B-40B6-819C-1FF70F89720F}.Debug|x86.ActiveCfg = Debug|Any CPU
		{235CB71D-ED9B-40B6-819C-1FF70F89720F}.Release|Any CPU.ActiveCfg = Release|Any CPU
		{235CB71D-ED9B-40B6-819C-1FF70F89720F}.Release|Any CPU.Build.0 = Release|Any CPU
		{235CB71D-ED9B-40B6-819C-1FF70F89720F}.Release|Mixed Platforms.ActiveCfg = Release|Any CPU
		{235CB71D-ED9B-40B6-819C-1FF70F89720F}.Release|Mixed Platforms.Build.0 = Release|Any CPU
		{235CB71D-ED9B-40B6-819C-1FF70F89720F}.Release|Win32.ActiveCfg = Release|Any CPU
		{235CB71D-ED9B-40B6-819C-1FF70F89720F}.Release|x86.ActiveCfg = Release|Any CPU
		{3AB02903-F268-41BE-89F6-AA1C65E6F1B0}.Debug|Any CPU.ActiveCfg = Debug|Win32
		{3AB02903-F268-41BE-89F6-AA1C65E6F1B0}.Debug|Mixed Platforms.ActiveCfg = Debug|Win32
		{3AB02903-F268-41BE-89F6-AA1C65E6F1B0}.Debug|Mixed Platforms.Build.0 = Debug|Win32
		{3AB02903-F268-41BE-89F6-AA1C65E6F1B0}.Debug|Win32.ActiveCfg = Debug|Win32
		{3AB02903-F268-41BE-89F6-AA1C65E6F1B0}.Debug|Win32.Build.0 = Debug|Win32
		{3AB02903-F268-41BE-89F6-AA1C65E6F1B0}.Debug|x86.ActiveCfg = Debug|Win32
		{3AB02903-F268-41BE-89F6-AA1C65E6F1B0}.Release|Any CPU.ActiveCfg = Release|Win32
		{3AB02903-F268-41BE-89F6-AA1C65E6F1B0}.Release|Mixed Platforms.ActiveCfg = Release|Win32
		{3AB02903-F268-41BE-89F6-AA1C65E6F1B0}.Release|Mixed Platforms.Build.0 = Release|Win32
		{3AB02903-F268-41BE-89F6-AA1C65E6F1B0}.Release|Win32.ActiveCfg = Release|Win32
		{3AB02903-F268-41BE-89F6-AA1C65E6F1B0}.Release|Win32.Build.0 = Release|Win32
		{3AB02903-F268-41BE-89F6-AA1C65E6F1B0}.Release|x86.ActiveCfg = Release|Win32
	EndGlobalSection
	GlobalSection(SolutionProperties) = preSolution
		HideSolutionNode = FALSE
	EndGlobalSection
	GlobalSection(NestedProjects) = preSolution
		{518416EC-5632-420C-B27A-1B27B4983785} = {66D73957-DCC4-4919-9324-7583DDCC31AB}
		{E2F59C55-04EF-43D7-AC6B-72650BBF99D2} = {66D73957-DCC4-4919-9324-7583DDCC31AB}
		{A4E9CDF1-3ED6-4C41-8776-333AF8AFA9F9} = {BE8FFD75-A4A4-4C90-98FF-7AE6DA02ACAF}
		{4E5FB1AB-1DF3-4FC9-A11F-CFB8A94F4DB4} = {BE8FFD75-A4A4-4C90-98FF-7AE6DA02ACAF}
		{1D032573-F3A2-4F52-8067-F54B166875F7} = {BE8FFD75-A4A4-4C90-98FF-7AE6DA02ACAF}
		{E46BD4A1-2C81-483A-AB2E-2B6838B192BE} = {BE8FFD75-A4A4-4C90-98FF-7AE6DA02ACAF}
		{DA6808F6-1395-4AA3-B59E-26ED211AADD0} = {BE8FFD75-A4A4-4C90-98FF-7AE6DA02ACAF}
		{B090471D-E101-4B22-828E-F88C0D3C3298} = {BE8FFD75-A4A4-4C90-98FF-7AE6DA02ACAF}
		{684490C4-BAE1-4566-B4D5-D1E559428C2C} = {BE8FFD75-A4A4-4C90-98FF-7AE6DA02ACAF}
		{A40F29EF-894E-4095-95E0-E6CDE6543846} = {BE8FFD75-A4A4-4C90-98FF-7AE6DA02ACAF}
		{148293BF-0858-40BA-9DE4-CDED52A406AA} = {279B3902-CB9C-461F-92F1-AA138271EF9E}
		{EC7CCF13-E0FB-4D0C-9019-7AD54919450B} = {279B3902-CB9C-461F-92F1-AA138271EF9E}
		{DAAC17BC-3798-479D-9F00-D8DAE12FE1B1} = {279B3902-CB9C-461F-92F1-AA138271EF9E}
		{E5FE8AAF-5E8D-4DB9-BD9E-1F10355CC423} = {279B3902-CB9C-461F-92F1-AA138271EF9E}
		{86B17599-BE5A-4CF6-BF3C-2B88CE24211F} = {279B3902-CB9C-461F-92F1-AA138271EF9E}
		{9719298C-7F9B-4611-8AB5-668904D29CE1} = {279B3902-CB9C-461F-92F1-AA138271EF9E}
		{B44E1283-C8DC-4CA8-B5C1-427652B5F140} = {B438B06C-E3B5-42A1-986F-CDCC63055D2A}
		{70634D82-9FD4-4EC9-A1A8-92638B07E832} = {B438B06C-E3B5-42A1-986F-CDCC63055D2A}
		{B824C8E0-2E43-4540-B807-964D464F0FEF} = {B438B06C-E3B5-42A1-986F-CDCC63055D2A}
		{F9499E11-CD16-4F36-A14B-E72AB0FE64C1} = {B438B06C-E3B5-42A1-986F-CDCC63055D2A}
		{136B407E-9F68-4A10-8392-3CAB65319636} = {B438B06C-E3B5-42A1-986F-CDCC63055D2A}
		{235CB71D-ED9B-40B6-819C-1FF70F89720F} = {63CE87B3-A124-408D-AA5A-0ED4E4CC8272}
		{CBED7DB2-DD88-4741-99F2-1E71FA968CD7} = {63CE87B3-A124-408D-AA5A-0ED4E4CC8272}
		{D9828EED-D730-40BF-9A1C-7C3D947E7689} = {63CE87B3-A124-408D-AA5A-0ED4E4CC8272}
		{CF41C2DE-2096-44F8-B4CD-A6FFDE4E8A9A} = {63CE87B3-A124-408D-AA5A-0ED4E4CC8272}
		{3A64602B-C5E0-4CB7-99B0-1FC6ABB4449A} = {63CE87B3-A124-408D-AA5A-0ED4E4CC8272}
		{3AB02903-F268-41BE-89F6-AA1C65E6F1B0} = {F1B143D4-FE2D-413A-9030-81E5418EA1F2}
	EndGlobalSection
EndGlobal
