
Microsoft Visual Studio Solution File, Format Version 10.00
# Visual Studio 2008
Project("{2150E333-8FDC-42A3-9474-1A3956D46DE8}") = "GridSoccerSimulator", "GridSoccerSimulator", "{66D73957-DCC4-4919-9324-7583DDCC31AB}"
EndProject
Project("{2150E333-8FDC-42A3-9474-1A3956D46DE8}") = "RLAgents", "RLAgents", "{BE8FFD75-A4A4-4C90-98FF-7AE6DA02ACAF}"
EndProject
Project("{2150E333-8FDC-42A3-9474-1A3956D46DE8}") = "BasicAgents", "BasicAgents", "{279B3902-CB9C-461F-92F1-AA138271EF9E}"
EndProject
Project("{FAE04EC0-301F-11D3-BF4B-00C04F79EFBC}") = "ClientBase", "BasicAgents\ClientBase\ClientBase.csproj", "{9719298C-7F9B-4611-8AB5-668904D29CE1}"
EndProject
Project("{FAE04EC0-301F-11D3-BF4B-00C04F79EFBC}") = "HandCodedClient", "BasicAgents\HandCodedClient\HandCodedClient.csproj", "{86B17599-BE5A-4CF6-BF3C-2B88CE24211F}"
EndProject
Project("{FAE04EC0-301F-11D3-BF4B-00C04F79EFBC}") = "RandomClient", "BasicAgents\RandomClient\RandomClient.csproj", "{E5FE8AAF-5E8D-4DB9-BD9E-1F10355CC423}"
EndProject
Project("{FAE04EC0-301F-11D3-BF4B-00C04F79EFBC}") = "SampleClient", "BasicAgents\SampleClient\SampleClient.csproj", "{DAAC17BC-3798-479D-9F00-D8DAE12FE1B1}"
EndProject
Project("{FAE04EC0-301F-11D3-BF4B-00C04F79EFBC}") = "TextClient", "BasicAgents\TextClient\TextClient.csproj", "{EC7CCF13-E0FB-4D0C-9019-7AD54919450B}"
EndProject
Project("{FAE04EC0-301F-11D3-BF4B-00C04F79EFBC}") = "Common", "GridSoccerSimulator\Common\Common.csproj", "{E2F59C55-04EF-43D7-AC6B-72650BBF99D2}"
EndProject
Project("{FAE04EC0-301F-11D3-BF4B-00C04F79EFBC}") = "SoccerSimulator", "GridSoccerSimulator\SoccerSimulator\SoccerSimulator.csproj", "{518416EC-5632-420C-B27A-1B27B4983785}"
EndProject
Project("{FAE04EC0-301F-11D3-BF4B-00C04F79EFBC}") = "HetroModuleRL", "RLAgents\HetroModuleRL\HetroModuleRL.csproj", "{A40F29EF-894E-4095-95E0-E6CDE6543846}"
EndProject
Project("{FAE04EC0-301F-11D3-BF4B-00C04F79EFBC}") = "HMQLLambda", "RLAgents\HMQLLambda\HMQLLambda.csproj", "{684490C4-BAE1-4566-B4D5-D1E559428C2C}"
EndProject
Project("{FAE04EC0-301F-11D3-BF4B-00C04F79EFBC}") = "MRLDM", "RLAgents\MRLDM\MRLDM.csproj", "{B090471D-E101-4B22-828E-F88C0D3C3298}"
EndProject
Project("{FAE04EC0-301F-11D3-BF4B-00C04F79EFBC}") = "RLAgentsCommon", "RLAgents\RLAgentsCommon\RLAgentsCommon.csproj", "{DA6808F6-1395-4AA3-B59E-26ED211AADD0}"
EndProject
Project("{FAE04EC0-301F-11D3-BF4B-00C04F79EFBC}") = "RLClient", "RLAgents\RLClient\RLClient.csproj", "{E46BD4A1-2C81-483A-AB2E-2B6838B192BE}"
EndProject
Project("{FAE04EC0-301F-11D3-BF4B-00C04F79EFBC}") = "RLClient1P", "RLAgents\RLClient1P\RLClient1P.csproj", "{1D032573-F3A2-4F52-8067-F54B166875F7}"
EndProject
Project("{FAE04EC0-301F-11D3-BF4B-00C04F79EFBC}") = "RLwIM", "RLAgents\RLwIM\RLwIM.csproj", "{4E5FB1AB-1DF3-4FC9-A11F-CFB8A94F4DB4}"
EndProject
Project("{FAE04EC0-301F-11D3-BF4B-00C04F79EFBC}") = "DPClient", "BasicAgents\DPClient\DPClient.csproj", "{148293BF-0858-40BA-9DE4-CDED52A406AA}"
EndProject
Global
	GlobalSection(SolutionConfigurationPlatforms) = preSolution
		Debug|Any CPU = Debug|Any CPU
		Release|Any CPU = Release|Any CPU
	EndGlobalSection
	GlobalSection(ProjectConfigurationPlatforms) = postSolution
		{9719298C-7F9B-4611-8AB5-668904D29CE1}.Debug|Any CPU.ActiveCfg = Debug|Any CPU
		{9719298C-7F9B-4611-8AB5-668904D29CE1}.Debug|Any CPU.Build.0 = Debug|Any CPU
		{9719298C-7F9B-4611-8AB5-668904D29CE1}.Release|Any CPU.ActiveCfg = Release|Any CPU
		{9719298C-7F9B-4611-8AB5-668904D29CE1}.Release|Any CPU.Build.0 = Release|Any CPU
		{86B17599-BE5A-4CF6-BF3C-2B88CE24211F}.Debug|Any CPU.ActiveCfg = Debug|Any CPU
		{86B17599-BE5A-4CF6-BF3C-2B88CE24211F}.Debug|Any CPU.Build.0 = Debug|Any CPU
		{86B17599-BE5A-4CF6-BF3C-2B88CE24211F}.Release|Any CPU.ActiveCfg = Release|Any CPU
		{86B17599-BE5A-4CF6-BF3C-2B88CE24211F}.Release|Any CPU.Build.0 = Release|Any CPU
		{E5FE8AAF-5E8D-4DB9-BD9E-1F10355CC423}.Debug|Any CPU.ActiveCfg = Debug|Any CPU
		{E5FE8AAF-5E8D-4DB9-BD9E-1F10355CC423}.Debug|Any CPU.Build.0 = Debug|Any CPU
		{E5FE8AAF-5E8D-4DB9-BD9E-1F10355CC423}.Release|Any CPU.ActiveCfg = Release|Any CPU
		{E5FE8AAF-5E8D-4DB9-BD9E-1F10355CC423}.Release|Any CPU.Build.0 = Release|Any CPU
		{DAAC17BC-3798-479D-9F00-D8DAE12FE1B1}.Debug|Any CPU.ActiveCfg = Debug|Any CPU
		{DAAC17BC-3798-479D-9F00-D8DAE12FE1B1}.Debug|Any CPU.Build.0 = Debug|Any CPU
		{DAAC17BC-3798-479D-9F00-D8DAE12FE1B1}.Release|Any CPU.ActiveCfg = Release|Any CPU
		{DAAC17BC-3798-479D-9F00-D8DAE12FE1B1}.Release|Any CPU.Build.0 = Release|Any CPU
		{EC7CCF13-E0FB-4D0C-9019-7AD54919450B}.Debug|Any CPU.ActiveCfg = Debug|Any CPU
		{EC7CCF13-E0FB-4D0C-9019-7AD54919450B}.Debug|Any CPU.Build.0 = Debug|Any CPU
		{EC7CCF13-E0FB-4D0C-9019-7AD54919450B}.Release|Any CPU.ActiveCfg = Release|Any CPU
		{EC7CCF13-E0FB-4D0C-9019-7AD54919450B}.Release|Any CPU.Build.0 = Release|Any CPU
		{E2F59C55-04EF-43D7-AC6B-72650BBF99D2}.Debug|Any CPU.ActiveCfg = Debug|Any CPU
		{E2F59C55-04EF-43D7-AC6B-72650BBF99D2}.Debug|Any CPU.Build.0 = Debug|Any CPU
		{E2F59C55-04EF-43D7-AC6B-72650BBF99D2}.Release|Any CPU.ActiveCfg = Release|Any CPU
		{E2F59C55-04EF-43D7-AC6B-72650BBF99D2}.Release|Any CPU.Build.0 = Release|Any CPU
		{518416EC-5632-420C-B27A-1B27B4983785}.Debug|Any CPU.ActiveCfg = Debug|Any CPU
		{518416EC-5632-420C-B27A-1B27B4983785}.Debug|Any CPU.Build.0 = Debug|Any CPU
		{518416EC-5632-420C-B27A-1B27B4983785}.Release|Any CPU.ActiveCfg = Release|Any CPU
		{518416EC-5632-420C-B27A-1B27B4983785}.Release|Any CPU.Build.0 = Release|Any CPU
		{A40F29EF-894E-4095-95E0-E6CDE6543846}.Debug|Any CPU.ActiveCfg = Debug|Any CPU
		{A40F29EF-894E-4095-95E0-E6CDE6543846}.Debug|Any CPU.Build.0 = Debug|Any CPU
		{A40F29EF-894E-4095-95E0-E6CDE6543846}.Release|Any CPU.ActiveCfg = Release|Any CPU
		{A40F29EF-894E-4095-95E0-E6CDE6543846}.Release|Any CPU.Build.0 = Release|Any CPU
		{684490C4-BAE1-4566-B4D5-D1E559428C2C}.Debug|Any CPU.ActiveCfg = Debug|Any CPU
		{684490C4-BAE1-4566-B4D5-D1E559428C2C}.Debug|Any CPU.Build.0 = Debug|Any CPU
		{684490C4-BAE1-4566-B4D5-D1E559428C2C}.Release|Any CPU.ActiveCfg = Release|Any CPU
		{684490C4-BAE1-4566-B4D5-D1E559428C2C}.Release|Any CPU.Build.0 = Release|Any CPU
		{B090471D-E101-4B22-828E-F88C0D3C3298}.Debug|Any CPU.ActiveCfg = Debug|Any CPU
		{B090471D-E101-4B22-828E-F88C0D3C3298}.Debug|Any CPU.Build.0 = Debug|Any CPU
		{B090471D-E101-4B22-828E-F88C0D3C3298}.Release|Any CPU.ActiveCfg = Release|Any CPU
		{B090471D-E101-4B22-828E-F88C0D3C3298}.Release|Any CPU.Build.0 = Release|Any CPU
		{DA6808F6-1395-4AA3-B59E-26ED211AADD0}.Debug|Any CPU.ActiveCfg = Debug|Any CPU
		{DA6808F6-1395-4AA3-B59E-26ED211AADD0}.Debug|Any CPU.Build.0 = Debug|Any CPU
		{DA6808F6-1395-4AA3-B59E-26ED211AADD0}.Release|Any CPU.ActiveCfg = Release|Any CPU
		{DA6808F6-1395-4AA3-B59E-26ED211AADD0}.Release|Any CPU.Build.0 = Release|Any CPU
		{E46BD4A1-2C81-483A-AB2E-2B6838B192BE}.Debug|Any CPU.ActiveCfg = Debug|Any CPU
		{E46BD4A1-2C81-483A-AB2E-2B6838B192BE}.Debug|Any CPU.Build.0 = Debug|Any CPU
		{E46BD4A1-2C81-483A-AB2E-2B6838B192BE}.Release|Any CPU.ActiveCfg = Release|Any CPU
		{E46BD4A1-2C81-483A-AB2E-2B6838B192BE}.Release|Any CPU.Build.0 = Release|Any CPU
		{1D032573-F3A2-4F52-8067-F54B166875F7}.Debug|Any CPU.ActiveCfg = Debug|Any CPU
		{1D032573-F3A2-4F52-8067-F54B166875F7}.Debug|Any CPU.Build.0 = Debug|Any CPU
		{1D032573-F3A2-4F52-8067-F54B166875F7}.Release|Any CPU.ActiveCfg = Release|Any CPU
		{1D032573-F3A2-4F52-8067-F54B166875F7}.Release|Any CPU.Build.0 = Release|Any CPU
		{4E5FB1AB-1DF3-4FC9-A11F-CFB8A94F4DB4}.Debug|Any CPU.ActiveCfg = Debug|Any CPU
		{4E5FB1AB-1DF3-4FC9-A11F-CFB8A94F4DB4}.Debug|Any CPU.Build.0 = Debug|Any CPU
		{4E5FB1AB-1DF3-4FC9-A11F-CFB8A94F4DB4}.Release|Any CPU.ActiveCfg = Release|Any CPU
		{4E5FB1AB-1DF3-4FC9-A11F-CFB8A94F4DB4}.Release|Any CPU.Build.0 = Release|Any CPU
		{148293BF-0858-40BA-9DE4-CDED52A406AA}.Debug|Any CPU.ActiveCfg = Debug|Any CPU
		{148293BF-0858-40BA-9DE4-CDED52A406AA}.Debug|Any CPU.Build.0 = Debug|Any CPU
		{148293BF-0858-40BA-9DE4-CDED52A406AA}.Release|Any CPU.ActiveCfg = Release|Any CPU
		{148293BF-0858-40BA-9DE4-CDED52A406AA}.Release|Any CPU.Build.0 = Release|Any CPU
	EndGlobalSection
	GlobalSection(SolutionProperties) = preSolution
		HideSolutionNode = FALSE
	EndGlobalSection
	GlobalSection(NestedProjects) = preSolution
		{E2F59C55-04EF-43D7-AC6B-72650BBF99D2} = {66D73957-DCC4-4919-9324-7583DDCC31AB}
		{518416EC-5632-420C-B27A-1B27B4983785} = {66D73957-DCC4-4919-9324-7583DDCC31AB}
		{A40F29EF-894E-4095-95E0-E6CDE6543846} = {BE8FFD75-A4A4-4C90-98FF-7AE6DA02ACAF}
		{684490C4-BAE1-4566-B4D5-D1E559428C2C} = {BE8FFD75-A4A4-4C90-98FF-7AE6DA02ACAF}
		{B090471D-E101-4B22-828E-F88C0D3C3298} = {BE8FFD75-A4A4-4C90-98FF-7AE6DA02ACAF}
		{DA6808F6-1395-4AA3-B59E-26ED211AADD0} = {BE8FFD75-A4A4-4C90-98FF-7AE6DA02ACAF}
		{E46BD4A1-2C81-483A-AB2E-2B6838B192BE} = {BE8FFD75-A4A4-4C90-98FF-7AE6DA02ACAF}
		{1D032573-F3A2-4F52-8067-F54B166875F7} = {BE8FFD75-A4A4-4C90-98FF-7AE6DA02ACAF}
		{4E5FB1AB-1DF3-4FC9-A11F-CFB8A94F4DB4} = {BE8FFD75-A4A4-4C90-98FF-7AE6DA02ACAF}
		{9719298C-7F9B-4611-8AB5-668904D29CE1} = {279B3902-CB9C-461F-92F1-AA138271EF9E}
		{86B17599-BE5A-4CF6-BF3C-2B88CE24211F} = {279B3902-CB9C-461F-92F1-AA138271EF9E}
		{E5FE8AAF-5E8D-4DB9-BD9E-1F10355CC423} = {279B3902-CB9C-461F-92F1-AA138271EF9E}
		{DAAC17BC-3798-479D-9F00-D8DAE12FE1B1} = {279B3902-CB9C-461F-92F1-AA138271EF9E}
		{EC7CCF13-E0FB-4D0C-9019-7AD54919450B} = {279B3902-CB9C-461F-92F1-AA138271EF9E}
		{148293BF-0858-40BA-9DE4-CDED52A406AA} = {279B3902-CB9C-461F-92F1-AA138271EF9E}
	EndGlobalSection
EndGlobal
